{
  "nodes": {
    "darwin": {
      "inputs": {
        "nixpkgs": [
          "nixpkgs-darwin"
        ]
      },
      "locked": {
        "lastModified": 1728901530,
        "narHash": "sha256-I9Qd0LnAsEGHtKE9+uVR0iDFmsijWSy7GT0g3jihG4Q=",
        "owner": "lnl7",
        "repo": "nix-darwin",
        "rev": "a60ac02f9466f85f092e576fd8364dfc4406b5a6",
        "type": "github"
      },
      "original": {
        "owner": "lnl7",
        "repo": "nix-darwin",
        "type": "github"
      }
    },
    "nixpkgs": {
      "locked": {
        "lastModified": 0,
        "narHash": "sha256-zVl25LPDCt1l34AS7Ba4MPTxHQ8tkFL2hxVGEntmngI=",
        "path": "/nix/store/lra03rglyd64ygvyslq2sfn2f3qf3phm-source",
        "type": "path"
      },
      "original": {
        "id": "nixpkgs",
        "type": "indirect"
      }
    },
    "nixpkgs-darwin": {
      "locked": {
        "lastModified": 1729044727,
        "narHash": "sha256-GKJjtPY+SXfLF/yTN7M2cAnQB6RERFKnQhD8UvPSf3M=",
        "owner": "nixos",
        "repo": "nixpkgs",
        "rev": "dc2e0028d274394f73653c7c90cc63edbb696be1",
        "type": "github"
      },
      "original": {
        "owner": "nixos",
        "ref": "nixpkgs-24.05-darwin",
        "repo": "nixpkgs",
        "type": "github"
      }
    },
    "root": {
      "inputs": {
        "darwin": "darwin",
        "nixpkgs": "nixpkgs",
        "nixpkgs-darwin": "nixpkgs-darwin"
      }
    }
  },
  "root": "root",
  "version": 7
}
