{
  "nodes": {
    "darwin": {
      "inputs": {
        "nixpkgs": [
          "nixpkgs"
        ]
      },
      "locked": {
        "lastModified": 1738277753,
        "narHash": "sha256-iyFcCOk0mmDiv4ut9mBEuMxMZIym3++0qN1rQBg8FW0=",
        "owner": "LnL7",
        "repo": "nix-darwin",
        "rev": "49b807fa7c37568d7fbe2aeaafb9255c185412f9",
        "type": "github"
      },
      "original": {
        "owner": "LnL7",
        "ref": "master",
        "repo": "nix-darwin",
        "type": "github"
      }
    },
    "nixpkgs": {
      "locked": {
        "lastModified": 1738616884,
        "narHash": "sha256-6oeyCodT5uP0u/YdKOpzx/sVDyYHXjJ5DzgU6jIE0C8=",
        "owner": "NixOS",
        "repo": "nixpkgs",
        "rev": "68392b6bc4c42a2ee585e36b9ed26fd16400bb9f",
        "type": "github"
      },
      "original": {
        "owner": "NixOS",
        "ref": "master",
        "repo": "nixpkgs",
        "type": "github"
      }
    },
    "root": {
      "inputs": {
        "darwin": "darwin",
        "nixpkgs": "nixpkgs"
      }
    }
  },
  "root": "root",
  "version": 7
}
